
Microsoft Visual Studio Solution File, Format Version 12.00
# Visual Studio 15
VisualStudioVersion = 15.0.33423.255
MinimumVisualStudioVersion = 10.0.40219.1
Project("{FAE04EC0-301F-11D3-BF4B-00C04F79EFBC}") = "UrunSatis", "UrunSatis\UrunSatis.csproj", "{9A9F2266-0229-43C0-AC6B-E2BD1E3D8BCB}"
EndProject
Global
	GlobalSection(SolutionConfigurationPlatforms) = preSolution
		Debug|Any CPU = Debug|Any CPU
		Release|Any CPU = Release|Any CPU
	EndGlobalSection
	GlobalSection(ProjectConfigurationPlatforms) = postSolution
		{9A9F2266-0229-43C0-AC6B-E2BD1E3D8BCB}.Debug|Any CPU.ActiveCfg = Debug|Any CPU
		{9A9F2266-0229-43C0-AC6B-E2BD1E3D8BCB}.Debug|Any CPU.Build.0 = Debug|Any CPU
		{9A9F2266-0229-43C0-AC6B-E2BD1E3D8BCB}.Release|Any CPU.ActiveCfg = Release|Any CPU
		{9A9F2266-0229-43C0-AC6B-E2BD1E3D8BCB}.Release|Any CPU.Build.0 = Release|Any CPU
	EndGlobalSection
	GlobalSection(SolutionProperties) = preSolution
		HideSolutionNode = FALSE
	EndGlobalSection
	GlobalSection(ExtensibilityGlobals) = postSolution
		SolutionGuid = {EFD2AD4D-A9DE-4B10-B700-0B6209E999D4}
	EndGlobalSection
EndGlobal
